// !$*UTF8*$!
{
	archiveVersion = 1;
	classes = {
	};
	objectVersion = 77;
	objects = {

/* Begin PBXBuildFile section */
		B41F2AFF2EC604F500F1D118 /* Assets.xcassets in Resources */ = {isa = PBXBuildFile; fileRef = B41F2AF82EC604F500F1D118 /* Assets.xcassets */; };
		B41F2B002EC604F500F1D118 /* AppShell.swift in Sources */ = {isa = PBXBuildFile; fileRef = B41F2AF72EC604F500F1D118 /* AppShell.swift */; };
		B41F2B012EC604F500F1D118 /* BottomBar.swift in Sources */ = {isa = PBXBuildFile; fileRef = B41F2AF92EC604F500F1D118 /* BottomBar.swift */; };
		B41F2B032EC604F500F1D118 /* LearningSwiftUIApp.swift in Sources */ = {isa = PBXBuildFile; fileRef = B41F2AFB2EC604F500F1D118 /* LearningSwiftUIApp.swift */; };
		B41F2B052EC604F500F1D118 /* TopBar.swift in Sources */ = {isa = PBXBuildFile; fileRef = B41F2AFD2EC604F500F1D118 /* TopBar.swift */; };
		B41F2B792ECD096800F1D118 /* DayData.swift in Sources */ = {isa = PBXBuildFile; fileRef = B41F2B6A2ECD096800F1D118 /* DayData.swift */; };
		B41F2B7A2ECD096800F1D118 /* DayKey.swift in Sources */ = {isa = PBXBuildFile; fileRef = B41F2B6B2ECD096800F1D118 /* DayKey.swift */; };
		B41F2B7B2ECD096800F1D118 /* Event.swift in Sources */ = {isa = PBXBuildFile; fileRef = B41F2B6C2ECD096800F1D118 /* Event.swift */; };
		B41F2B7C2ECD096800F1D118 /* Habit.swift in Sources */ = {isa = PBXBuildFile; fileRef = B41F2B6D2ECD096800F1D118 /* Habit.swift */; };
		B41F2B7D2ECD096800F1D118 /* Task.swift in Sources */ = {isa = PBXBuildFile; fileRef = B41F2B6E2ECD096800F1D118 /* Task.swift */; };
		B41F2B852ECD097300F1D118 /* ActivityCard.swift in Sources */ = {isa = PBXBuildFile; fileRef = B41F2B7F2ECD097300F1D118 /* ActivityCard.swift */; };
		B41F2B882ECD097300F1D118 /* ReportPage.swift in Sources */ = {isa = PBXBuildFile; fileRef = B41F2B822ECD097300F1D118 /* ReportPage.swift */; };
		B41F2B8E2ECD097300F1D118 /* CalendarView.swift in Sources */ = {isa = PBXBuildFile; fileRef = B41F2B8A2ECD097300F1D118 /* CalendarView.swift */; };
		B41F2B8F2ECD097300F1D118 /* Month.swift in Sources */ = {isa = PBXBuildFile; fileRef = B41F2B8B2ECD097300F1D118 /* Month.swift */; };
		B41F2B902ECD097300F1D118 /* MonthGridView.swift in Sources */ = {isa = PBXBuildFile; fileRef = B41F2B8C2ECD097300F1D118 /* MonthGridView.swift */; };
		B49783322ED643D800B289A7 /* AddActionsHandler.swift in Sources */ = {isa = PBXBuildFile; fileRef = B49783312ED643D800B289A7 /* AddActionsHandler.swift */; };
		B49783352ED6453B00B289A7 /* AddActivityPage.swift in Sources */ = {isa = PBXBuildFile; fileRef = B49783342ED6453B00B289A7 /* AddActivityPage.swift */; };
		B49783392ED650E100B289A7 /* AddGroupPage.swift in Sources */ = {isa = PBXBuildFile; fileRef = B49783382ED650E100B289A7 /* AddGroupPage.swift */; };
		B497833B2ED6525700B289A7 /* GroupsStore.swift in Sources */ = {isa = PBXBuildFile; fileRef = B497833A2ED6525700B289A7 /* GroupsStore.swift */; };
		B497833E2ED6536800B289A7 /* UserData.swift in Sources */ = {isa = PBXBuildFile; fileRef = B497833D2ED6536800B289A7 /* UserData.swift */; };
		B4C13B822ED1EB2A00393766 /* Activity.swift in Sources */ = {isa = PBXBuildFile; fileRef = B4C13B812ED1EB2100393766 /* Activity.swift */; };
		B4C13B842ED1EB3C00393766 /* Category.swift in Sources */ = {isa = PBXBuildFile; fileRef = B4C13B832ED1EB3700393766 /* Category.swift */; };
		B4C13B862ED1EB5000393766 /* CategoryType.swift in Sources */ = {isa = PBXBuildFile; fileRef = B4C13B852ED1EB3F00393766 /* CategoryType.swift */; };
		B4C13B8E2ED2071600393766 /* Group.swift in Sources */ = {isa = PBXBuildFile; fileRef = B4C13B8D2ED2071200393766 /* Group.swift */; };
		B4C13B902ED2077300393766 /* GroupCard.swift in Sources */ = {isa = PBXBuildFile; fileRef = B4C13B8F2ED2077300393766 /* GroupCard.swift */; };
		B4C13B922ED207B900393766 /* ContentPage.swift in Sources */ = {isa = PBXBuildFile; fileRef = B4C13B912ED207B900393766 /* ContentPage.swift */; };
/* End PBXBuildFile section */

/* Begin PBXFileReference section */
		B41F2AD42EC5F61A00F1D118 /* LearningSwiftUI.app */ = {isa = PBXFileReference; explicitFileType = wrapper.application; includeInIndex = 0; path = LearningSwiftUI.app; sourceTree = BUILT_PRODUCTS_DIR; };
		B41F2AF72EC604F500F1D118 /* AppShell.swift */ = {isa = PBXFileReference; lastKnownFileType = sourcecode.swift; path = AppShell.swift; sourceTree = "<group>"; };
		B41F2AF82EC604F500F1D118 /* Assets.xcassets */ = {isa = PBXFileReference; lastKnownFileType = folder.assetcatalog; path = Assets.xcassets; sourceTree = "<group>"; };
		B41F2AF92EC604F500F1D118 /* BottomBar.swift */ = {isa = PBXFileReference; lastKnownFileType = sourcecode.swift; path = BottomBar.swift; sourceTree = "<group>"; };
		B41F2AFB2EC604F500F1D118 /* LearningSwiftUIApp.swift */ = {isa = PBXFileReference; lastKnownFileType = sourcecode.swift; path = LearningSwiftUIApp.swift; sourceTree = "<group>"; };
		B41F2AFD2EC604F500F1D118 /* TopBar.swift */ = {isa = PBXFileReference; lastKnownFileType = sourcecode.swift; path = TopBar.swift; sourceTree = "<group>"; };
		B41F2B6A2ECD096800F1D118 /* DayData.swift */ = {isa = PBXFileReference; lastKnownFileType = sourcecode.swift; path = DayData.swift; sourceTree = "<group>"; };
		B41F2B6B2ECD096800F1D118 /* DayKey.swift */ = {isa = PBXFileReference; lastKnownFileType = sourcecode.swift; path = DayKey.swift; sourceTree = "<group>"; };
		B41F2B6C2ECD096800F1D118 /* Event.swift */ = {isa = PBXFileReference; lastKnownFileType = sourcecode.swift; path = Event.swift; sourceTree = "<group>"; };
		B41F2B6D2ECD096800F1D118 /* Habit.swift */ = {isa = PBXFileReference; lastKnownFileType = sourcecode.swift; path = Habit.swift; sourceTree = "<group>"; };
		B41F2B6E2ECD096800F1D118 /* Task.swift */ = {isa = PBXFileReference; lastKnownFileType = sourcecode.swift; path = Task.swift; sourceTree = "<group>"; };
		B41F2B7F2ECD097300F1D118 /* ActivityCard.swift */ = {isa = PBXFileReference; lastKnownFileType = sourcecode.swift; path = ActivityCard.swift; sourceTree = "<group>"; };
		B41F2B822ECD097300F1D118 /* ReportPage.swift */ = {isa = PBXFileReference; lastKnownFileType = sourcecode.swift; path = ReportPage.swift; sourceTree = "<group>"; };
		B41F2B8A2ECD097300F1D118 /* CalendarView.swift */ = {isa = PBXFileReference; lastKnownFileType = sourcecode.swift; path = CalendarView.swift; sourceTree = "<group>"; };
		B41F2B8B2ECD097300F1D118 /* Month.swift */ = {isa = PBXFileReference; lastKnownFileType = sourcecode.swift; path = Month.swift; sourceTree = "<group>"; };
		B41F2B8C2ECD097300F1D118 /* MonthGridView.swift */ = {isa = PBXFileReference; lastKnownFileType = sourcecode.swift; path = MonthGridView.swift; sourceTree = "<group>"; };
		B41F2B912ECD097300F1D118 /* CalendarStore.swift */ = {isa = PBXFileReference; lastKnownFileType = sourcecode.swift; path = CalendarStore.swift; sourceTree = "<group>"; };
		B41F2BA02ECD174500F1D118 /* ActivityInstanceStore.swift */ = {isa = PBXFileReference; lastKnownFileType = sourcecode.swift; path = ActivityInstanceStore.swift; sourceTree = "<group>"; };
		B41F2BA12ECD176000F1D118 /* ActivityStore.swift */ = {isa = PBXFileReference; lastKnownFileType = sourcecode.swift; path = ActivityStore.swift; sourceTree = "<group>"; };
		B49783312ED643D800B289A7 /* AddActionsHandler.swift */ = {isa = PBXFileReference; lastKnownFileType = sourcecode.swift; path = AddActionsHandler.swift; sourceTree = "<group>"; };
		B49783342ED6453B00B289A7 /* AddActivityPage.swift */ = {isa = PBXFileReference; lastKnownFileType = sourcecode.swift; path = AddActivityPage.swift; sourceTree = "<group>"; };
		B49783382ED650E100B289A7 /* AddGroupPage.swift */ = {isa = PBXFileReference; lastKnownFileType = sourcecode.swift; path = AddGroupPage.swift; sourceTree = "<group>"; };
		B497833A2ED6525700B289A7 /* GroupsStore.swift */ = {isa = PBXFileReference; lastKnownFileType = sourcecode.swift; path = GroupsStore.swift; sourceTree = "<group>"; };
		B497833D2ED6536800B289A7 /* UserData.swift */ = {isa = PBXFileReference; lastKnownFileType = sourcecode.swift; path = UserData.swift; sourceTree = "<group>"; };
		B4C13B812ED1EB2100393766 /* Activity.swift */ = {isa = PBXFileReference; lastKnownFileType = sourcecode.swift; path = Activity.swift; sourceTree = "<group>"; };
		B4C13B832ED1EB3700393766 /* Category.swift */ = {isa = PBXFileReference; lastKnownFileType = sourcecode.swift; path = Category.swift; sourceTree = "<group>"; };
		B4C13B852ED1EB3F00393766 /* CategoryType.swift */ = {isa = PBXFileReference; lastKnownFileType = sourcecode.swift; path = CategoryType.swift; sourceTree = "<group>"; };
		B4C13B8D2ED2071200393766 /* Group.swift */ = {isa = PBXFileReference; lastKnownFileType = sourcecode.swift; path = Group.swift; sourceTree = "<group>"; };
		B4C13B8F2ED2077300393766 /* GroupCard.swift */ = {isa = PBXFileReference; lastKnownFileType = sourcecode.swift; path = GroupCard.swift; sourceTree = "<group>"; };
		B4C13B912ED207B900393766 /* ContentPage.swift */ = {isa = PBXFileReference; lastKnownFileType = sourcecode.swift; path = ContentPage.swift; sourceTree = "<group>"; };
/* End PBXFileReference section */

/* Begin PBXFrameworksBuildPhase section */
		B41F2AD12EC5F61A00F1D118 /* Frameworks */ = {
			isa = PBXFrameworksBuildPhase;
			buildActionMask = 2147483647;
			files = (
			);
			runOnlyForDeploymentPostprocessing = 0;
		};
/* End PBXFrameworksBuildPhase section */

/* Begin PBXGroup section */
		B41F2ACB2EC5F61A00F1D118 = {
			isa = PBXGroup;
			children = (
				B41F2AFE2EC604F500F1D118 /* LearningSwiftUI */,
				B41F2AD52EC5F61A00F1D118 /* Products */,
			);
			sourceTree = "<group>";
		};
		B41F2AD52EC5F61A00F1D118 /* Products */ = {
			isa = PBXGroup;
			children = (
				B41F2AD42EC5F61A00F1D118 /* LearningSwiftUI.app */,
			);
			name = Products;
			sourceTree = "<group>";
		};
		B41F2AFE2EC604F500F1D118 /* LearningSwiftUI */ = {
			isa = PBXGroup;
			children = (
				B41F2AF82EC604F500F1D118 /* Assets.xcassets */,
				B41F2AFB2EC604F500F1D118 /* LearningSwiftUIApp.swift */,
				B41F2AF72EC604F500F1D118 /* AppShell.swift */,
				B41F2AFD2EC604F500F1D118 /* TopBar.swift */,
				B41F2AF92EC604F500F1D118 /* BottomBar.swift */,
				B41F2B712ECD096800F1D118 /* Models */,
				B41F2B922ECD097300F1D118 /* Stores */,
				B41F2B932ECD09B200F1D118 /* Views */,
			);
			path = LearningSwiftUI;
			sourceTree = "<group>";
		};
		B41F2B692ECD096800F1D118 /* Activities */ = {
			isa = PBXGroup;
			children = (
				B4C13B852ED1EB3F00393766 /* CategoryType.swift */,
				B4C13B832ED1EB3700393766 /* Category.swift */,
				B4C13B812ED1EB2100393766 /* Activity.swift */,
			);
			path = Activities;
			sourceTree = "<group>";
		};
		B41F2B6F2ECD096800F1D118 /* Day */ = {
			isa = PBXGroup;
			children = (
				B41F2B6A2ECD096800F1D118 /* DayData.swift */,
				B41F2B6B2ECD096800F1D118 /* DayKey.swift */,
				B41F2B6C2ECD096800F1D118 /* Event.swift */,
				B41F2B6D2ECD096800F1D118 /* Habit.swift */,
				B41F2B6E2ECD096800F1D118 /* Task.swift */,
			);
			path = Day;
			sourceTree = "<group>";
		};
		B41F2B712ECD096800F1D118 /* Models */ = {
			isa = PBXGroup;
			children = (
				B4C13B8C2ED2070800393766 /* Groups */,
				B41F2B692ECD096800F1D118 /* Activities */,
				B41F2B6F2ECD096800F1D118 /* Day */,
			);
			path = Models;
			sourceTree = "<group>";
		};
		B41F2B842ECD097300F1D118 /* ReportPage */ = {
			isa = PBXGroup;
			children = (
				B49783332ED6450400B289A7 /* Add Data */,
				B41F2B7F2ECD097300F1D118 /* ActivityCard.swift */,
				B41F2B822ECD097300F1D118 /* ReportPage.swift */,
				B4C13B8F2ED2077300393766 /* GroupCard.swift */,
				B4C13B912ED207B900393766 /* ContentPage.swift */,
				B49783312ED643D800B289A7 /* AddActionsHandler.swift */,
			);
			path = ReportPage;
			sourceTree = "<group>";
		};
		B41F2B8D2ECD097300F1D118 /* Calendar */ = {
			isa = PBXGroup;
			children = (
				B41F2B8A2ECD097300F1D118 /* CalendarView.swift */,
				B41F2B8B2ECD097300F1D118 /* Month.swift */,
				B41F2B8C2ECD097300F1D118 /* MonthGridView.swift */,
			);
			path = Calendar;
			sourceTree = "<group>";
		};
		B41F2B922ECD097300F1D118 /* Stores */ = {
			isa = PBXGroup;
			children = (
				B497833C2ED6532D00B289A7 /* Individual Stores */,
				B497833D2ED6536800B289A7 /* UserData.swift */,
			);
			path = Stores;
			sourceTree = "<group>";
		};
		B41F2B932ECD09B200F1D118 /* Views */ = {
			isa = PBXGroup;
			children = (
				B41F2B842ECD097300F1D118 /* ReportPage */,
				B41F2B8D2ECD097300F1D118 /* Calendar */,
			);
			path = Views;
			sourceTree = "<group>";
		};
		B49783332ED6450400B289A7 /* Add Data */ = {
			isa = PBXGroup;
			children = (
				B49783342ED6453B00B289A7 /* AddActivityPage.swift */,
				B49783382ED650E100B289A7 /* AddGroupPage.swift */,
			);
			path = "Add Data";
			sourceTree = "<group>";
		};
		B497833C2ED6532D00B289A7 /* Individual Stores */ = {
			isa = PBXGroup;
			children = (
				B41F2BA02ECD174500F1D118 /* ActivityInstanceStore.swift */,
				B41F2BA12ECD176000F1D118 /* ActivityStore.swift */,
				B41F2B912ECD097300F1D118 /* CalendarStore.swift */,
				B497833A2ED6525700B289A7 /* GroupsStore.swift */,
			);
			path = "Individual Stores";
			sourceTree = "<group>";
		};
		B4C13B8C2ED2070800393766 /* Groups */ = {
			isa = PBXGroup;
			children = (
				B4C13B8D2ED2071200393766 /* Group.swift */,
			);
			path = Groups;
			sourceTree = "<group>";
		};
/* End PBXGroup section */

/* Begin PBXNativeTarget section */
		B41F2AD32EC5F61A00F1D118 /* LearningSwiftUI */ = {
			isa = PBXNativeTarget;
			buildConfigurationList = B41F2ADF2EC5F61B00F1D118 /* Build configuration list for PBXNativeTarget "LearningSwiftUI" */;
			buildPhases = (
				B41F2AD02EC5F61A00F1D118 /* Sources */,
				B41F2AD12EC5F61A00F1D118 /* Frameworks */,
				B41F2AD22EC5F61A00F1D118 /* Resources */,
			);
			buildRules = (
			);
			dependencies = (
			);
			name = LearningSwiftUI;
			packageProductDependencies = (
			);
			productName = LearningSwiftUI;
			productReference = B41F2AD42EC5F61A00F1D118 /* LearningSwiftUI.app */;
			productType = "com.apple.product-type.application";
		};
/* End PBXNativeTarget section */

/* Begin PBXProject section */
		B41F2ACC2EC5F61A00F1D118 /* Project object */ = {
			isa = PBXProject;
			attributes = {
				BuildIndependentTargetsInParallel = 1;
				LastSwiftUpdateCheck = 1630;
				LastUpgradeCheck = 1630;
				TargetAttributes = {
					B41F2AD32EC5F61A00F1D118 = {
						CreatedOnToolsVersion = 16.3;
					};
				};
			};
			buildConfigurationList = B41F2ACF2EC5F61A00F1D118 /* Build configuration list for PBXProject "LearningSwiftUI" */;
			developmentRegion = en;
			hasScannedForEncodings = 0;
			knownRegions = (
				en,
				Base,
			);
			mainGroup = B41F2ACB2EC5F61A00F1D118;
			minimizedProjectReferenceProxies = 1;
			preferredProjectObjectVersion = 77;
			productRefGroup = B41F2AD52EC5F61A00F1D118 /* Products */;
			projectDirPath = "";
			projectRoot = "";
			targets = (
				B41F2AD32EC5F61A00F1D118 /* LearningSwiftUI */,
			);
		};
/* End PBXProject section */

/* Begin PBXResourcesBuildPhase section */
		B41F2AD22EC5F61A00F1D118 /* Resources */ = {
			isa = PBXResourcesBuildPhase;
			buildActionMask = 2147483647;
			files = (
				B41F2AFF2EC604F500F1D118 /* Assets.xcassets in Resources */,
			);
			runOnlyForDeploymentPostprocessing = 0;
		};
/* End PBXResourcesBuildPhase section */

/* Begin PBXSourcesBuildPhase section */
		B41F2AD02EC5F61A00F1D118 /* Sources */ = {
			isa = PBXSourcesBuildPhase;
			buildActionMask = 2147483647;
			files = (
				B4C13B922ED207B900393766 /* ContentPage.swift in Sources */,
				B4C13B8E2ED2071600393766 /* Group.swift in Sources */,
				B41F2B002EC604F500F1D118 /* AppShell.swift in Sources */,
				B497833E2ED6536800B289A7 /* UserData.swift in Sources */,
				B41F2B012EC604F500F1D118 /* BottomBar.swift in Sources */,
				B4C13B842ED1EB3C00393766 /* Category.swift in Sources */,
				B41F2B032EC604F500F1D118 /* LearningSwiftUIApp.swift in Sources */,
				B49783352ED6453B00B289A7 /* AddActivityPage.swift in Sources */,
				B49783322ED643D800B289A7 /* AddActionsHandler.swift in Sources */,
				B41F2B792ECD096800F1D118 /* DayData.swift in Sources */,
				B497833B2ED6525700B289A7 /* GroupsStore.swift in Sources */,
				B41F2B7A2ECD096800F1D118 /* DayKey.swift in Sources */,
				B41F2B8E2ECD097300F1D118 /* CalendarView.swift in Sources */,
				B4C13B902ED2077300393766 /* GroupCard.swift in Sources */,
				B4C13B822ED1EB2A00393766 /* Activity.swift in Sources */,
				B41F2B8F2ECD097300F1D118 /* Month.swift in Sources */,
				B41F2B902ECD097300F1D118 /* MonthGridView.swift in Sources */,
				B41F2B7B2ECD096800F1D118 /* Event.swift in Sources */,
				B41F2B852ECD097300F1D118 /* ActivityCard.swift in Sources */,
				B4C13B862ED1EB5000393766 /* CategoryType.swift in Sources */,
				B41F2B882ECD097300F1D118 /* ReportPage.swift in Sources */,
				B41F2B7C2ECD096800F1D118 /* Habit.swift in Sources */,
				B49783392ED650E100B289A7 /* AddGroupPage.swift in Sources */,
				B41F2B7D2ECD096800F1D118 /* Task.swift in Sources */,
				B41F2B052EC604F500F1D118 /* TopBar.swift in Sources */,
			);
			runOnlyForDeploymentPostprocessing = 0;
		};
/* End PBXSourcesBuildPhase section */

/* Begin XCBuildConfiguration section */
		B41F2ADD2EC5F61B00F1D118 /* Debug */ = {
			isa = XCBuildConfiguration;
			buildSettings = {
				ALWAYS_SEARCH_USER_PATHS = NO;
				ASSETCATALOG_COMPILER_GENERATE_SWIFT_ASSET_SYMBOL_EXTENSIONS = YES;
				CLANG_ANALYZER_NONNULL = YES;
				CLANG_ANALYZER_NUMBER_OBJECT_CONVERSION = YES_AGGRESSIVE;
				CLANG_CXX_LANGUAGE_STANDARD = "gnu++20";
				CLANG_ENABLE_MODULES = YES;
				CLANG_ENABLE_OBJC_ARC = YES;
				CLANG_ENABLE_OBJC_WEAK = YES;
				CLANG_WARN_BLOCK_CAPTURE_AUTORELEASING = YES;
				CLANG_WARN_BOOL_CONVERSION = YES;
				CLANG_WARN_COMMA = YES;
				CLANG_WARN_CONSTANT_CONVERSION = YES;
				CLANG_WARN_DEPRECATED_OBJC_IMPLEMENTATIONS = YES;
				CLANG_WARN_DIRECT_OBJC_ISA_USAGE = YES_ERROR;
				CLANG_WARN_DOCUMENTATION_COMMENTS = YES;
				CLANG_WARN_EMPTY_BODY = YES;
				CLANG_WARN_ENUM_CONVERSION = YES;
				CLANG_WARN_INFINITE_RECURSION = YES;
				CLANG_WARN_INT_CONVERSION = YES;
				CLANG_WARN_NON_LITERAL_NULL_CONVERSION = YES;
				CLANG_WARN_OBJC_IMPLICIT_RETAIN_SELF = YES;
				CLANG_WARN_OBJC_LITERAL_CONVERSION = YES;
				CLANG_WARN_OBJC_ROOT_CLASS = YES_ERROR;
				CLANG_WARN_QUOTED_INCLUDE_IN_FRAMEWORK_HEADER = YES;
				CLANG_WARN_RANGE_LOOP_ANALYSIS = YES;
				CLANG_WARN_STRICT_PROTOTYPES = YES;
				CLANG_WARN_SUSPICIOUS_MOVE = YES;
				CLANG_WARN_UNGUARDED_AVAILABILITY = YES_AGGRESSIVE;
				CLANG_WARN_UNREACHABLE_CODE = YES;
				CLANG_WARN__DUPLICATE_METHOD_MATCH = YES;
				COPY_PHASE_STRIP = NO;
				DEBUG_INFORMATION_FORMAT = dwarf;
				DEVELOPMENT_TEAM = 2C459Q96C6;
				ENABLE_STRICT_OBJC_MSGSEND = YES;
				ENABLE_TESTABILITY = YES;
				ENABLE_USER_SCRIPT_SANDBOXING = YES;
				GCC_C_LANGUAGE_STANDARD = gnu17;
				GCC_DYNAMIC_NO_PIC = NO;
				GCC_NO_COMMON_BLOCKS = YES;
				GCC_OPTIMIZATION_LEVEL = 0;
				GCC_PREPROCESSOR_DEFINITIONS = (
					"DEBUG=1",
					"$(inherited)",
				);
				GCC_WARN_64_TO_32_BIT_CONVERSION = YES;
				GCC_WARN_ABOUT_RETURN_TYPE = YES_ERROR;
				GCC_WARN_UNDECLARED_SELECTOR = YES;
				GCC_WARN_UNINITIALIZED_AUTOS = YES_AGGRESSIVE;
				GCC_WARN_UNUSED_FUNCTION = YES;
				GCC_WARN_UNUSED_VARIABLE = YES;
				IPHONEOS_DEPLOYMENT_TARGET = 18.4;
				LOCALIZATION_PREFERS_STRING_CATALOGS = YES;
				MTL_ENABLE_DEBUG_INFO = INCLUDE_SOURCE;
				MTL_FAST_MATH = YES;
				ONLY_ACTIVE_ARCH = YES;
				SDKROOT = iphoneos;
				SWIFT_ACTIVE_COMPILATION_CONDITIONS = "DEBUG $(inherited)";
				SWIFT_OPTIMIZATION_LEVEL = "-Onone";
			};
			name = Debug;
		};
		B41F2ADE2EC5F61B00F1D118 /* Release */ = {
			isa = XCBuildConfiguration;
			buildSettings = {
				ALWAYS_SEARCH_USER_PATHS = NO;
				ASSETCATALOG_COMPILER_GENERATE_SWIFT_ASSET_SYMBOL_EXTENSIONS = YES;
				CLANG_ANALYZER_NONNULL = YES;
				CLANG_ANALYZER_NUMBER_OBJECT_CONVERSION = YES_AGGRESSIVE;
				CLANG_CXX_LANGUAGE_STANDARD = "gnu++20";
				CLANG_ENABLE_MODULES = YES;
				CLANG_ENABLE_OBJC_ARC = YES;
				CLANG_ENABLE_OBJC_WEAK = YES;
				CLANG_WARN_BLOCK_CAPTURE_AUTORELEASING = YES;
				CLANG_WARN_BOOL_CONVERSION = YES;
				CLANG_WARN_COMMA = YES;
				CLANG_WARN_CONSTANT_CONVERSION = YES;
				CLANG_WARN_DEPRECATED_OBJC_IMPLEMENTATIONS = YES;
				CLANG_WARN_DIRECT_OBJC_ISA_USAGE = YES_ERROR;
				CLANG_WARN_DOCUMENTATION_COMMENTS = YES;
				CLANG_WARN_EMPTY_BODY = YES;
				CLANG_WARN_ENUM_CONVERSION = YES;
				CLANG_WARN_INFINITE_RECURSION = YES;
				CLANG_WARN_INT_CONVERSION = YES;
				CLANG_WARN_NON_LITERAL_NULL_CONVERSION = YES;
				CLANG_WARN_OBJC_IMPLICIT_RETAIN_SELF = YES;
				CLANG_WARN_OBJC_LITERAL_CONVERSION = YES;
				CLANG_WARN_OBJC_ROOT_CLASS = YES_ERROR;
				CLANG_WARN_QUOTED_INCLUDE_IN_FRAMEWORK_HEADER = YES;
				CLANG_WARN_RANGE_LOOP_ANALYSIS = YES;
				CLANG_WARN_STRICT_PROTOTYPES = YES;
				CLANG_WARN_SUSPICIOUS_MOVE = YES;
				CLANG_WARN_UNGUARDED_AVAILABILITY = YES_AGGRESSIVE;
				CLANG_WARN_UNREACHABLE_CODE = YES;
				CLANG_WARN__DUPLICATE_METHOD_MATCH = YES;
				COPY_PHASE_STRIP = NO;
				DEBUG_INFORMATION_FORMAT = "dwarf-with-dsym";
				DEVELOPMENT_TEAM = 2C459Q96C6;
				ENABLE_NS_ASSERTIONS = NO;
				ENABLE_STRICT_OBJC_MSGSEND = YES;
				ENABLE_USER_SCRIPT_SANDBOXING = YES;
				GCC_C_LANGUAGE_STANDARD = gnu17;
				GCC_NO_COMMON_BLOCKS = YES;
				GCC_WARN_64_TO_32_BIT_CONVERSION = YES;
				GCC_WARN_ABOUT_RETURN_TYPE = YES_ERROR;
				GCC_WARN_UNDECLARED_SELECTOR = YES;
				GCC_WARN_UNINITIALIZED_AUTOS = YES_AGGRESSIVE;
				GCC_WARN_UNUSED_FUNCTION = YES;
				GCC_WARN_UNUSED_VARIABLE = YES;
				IPHONEOS_DEPLOYMENT_TARGET = 18.4;
				LOCALIZATION_PREFERS_STRING_CATALOGS = YES;
				MTL_ENABLE_DEBUG_INFO = NO;
				MTL_FAST_MATH = YES;
				SDKROOT = iphoneos;
				SWIFT_COMPILATION_MODE = wholemodule;
				VALIDATE_PRODUCT = YES;
			};
			name = Release;
		};
		B41F2AE02EC5F61B00F1D118 /* Debug */ = {
			isa = XCBuildConfiguration;
			buildSettings = {
				ASSETCATALOG_COMPILER_APPICON_NAME = AppIcon;
				ASSETCATALOG_COMPILER_GLOBAL_ACCENT_COLOR_NAME = AccentColor;
				CODE_SIGN_STYLE = Automatic;
				CURRENT_PROJECT_VERSION = 1;
				DEVELOPMENT_TEAM = 2C459Q96C6;
				ENABLE_PREVIEWS = YES;
				GENERATE_INFOPLIST_FILE = YES;
				INFOPLIST_KEY_UIApplicationSceneManifest_Generation = YES;
				INFOPLIST_KEY_UIApplicationSupportsIndirectInputEvents = YES;
				INFOPLIST_KEY_UILaunchScreen_Generation = YES;
				INFOPLIST_KEY_UISupportedInterfaceOrientations_iPad = "UIInterfaceOrientationPortrait UIInterfaceOrientationPortraitUpsideDown UIInterfaceOrientationLandscapeLeft UIInterfaceOrientationLandscapeRight";
				INFOPLIST_KEY_UISupportedInterfaceOrientations_iPhone = "UIInterfaceOrientationPortrait UIInterfaceOrientationLandscapeLeft UIInterfaceOrientationLandscapeRight";
				LD_RUNPATH_SEARCH_PATHS = (
					"$(inherited)",
					"@executable_path/Frameworks",
				);
				MARKETING_VERSION = 1.0;
				PRODUCT_BUNDLE_IDENTIFIER = com.ohad.LearningSwiftUI;
				PRODUCT_NAME = "$(TARGET_NAME)";
				SWIFT_EMIT_LOC_STRINGS = YES;
				SWIFT_VERSION = 5.0;
				TARGETED_DEVICE_FAMILY = "1,2";
			};
			name = Debug;
		};
		B41F2AE12EC5F61B00F1D118 /* Release */ = {
			isa = XCBuildConfiguration;
			buildSettings = {
				ASSETCATALOG_COMPILER_APPICON_NAME = AppIcon;
				ASSETCATALOG_COMPILER_GLOBAL_ACCENT_COLOR_NAME = AccentColor;
				CODE_SIGN_STYLE = Automatic;
				CURRENT_PROJECT_VERSION = 1;
				DEVELOPMENT_TEAM = 2C459Q96C6;
				ENABLE_PREVIEWS = YES;
				GENERATE_INFOPLIST_FILE = YES;
				INFOPLIST_KEY_UIApplicationSceneManifest_Generation = YES;
				INFOPLIST_KEY_UIApplicationSupportsIndirectInputEvents = YES;
				INFOPLIST_KEY_UILaunchScreen_Generation = YES;
				INFOPLIST_KEY_UISupportedInterfaceOrientations_iPad = "UIInterfaceOrientationPortrait UIInterfaceOrientationPortraitUpsideDown UIInterfaceOrientationLandscapeLeft UIInterfaceOrientationLandscapeRight";
				INFOPLIST_KEY_UISupportedInterfaceOrientations_iPhone = "UIInterfaceOrientationPortrait UIInterfaceOrientationLandscapeLeft UIInterfaceOrientationLandscapeRight";
				LD_RUNPATH_SEARCH_PATHS = (
					"$(inherited)",
					"@executable_path/Frameworks",
				);
				MARKETING_VERSION = 1.0;
				PRODUCT_BUNDLE_IDENTIFIER = com.ohad.LearningSwiftUI;
				PRODUCT_NAME = "$(TARGET_NAME)";
				SWIFT_EMIT_LOC_STRINGS = YES;
				SWIFT_VERSION = 5.0;
				TARGETED_DEVICE_FAMILY = "1,2";
			};
			name = Release;
		};
/* End XCBuildConfiguration section */

/* Begin XCConfigurationList section */
		B41F2ACF2EC5F61A00F1D118 /* Build configuration list for PBXProject "LearningSwiftUI" */ = {
			isa = XCConfigurationList;
			buildConfigurations = (
				B41F2ADD2EC5F61B00F1D118 /* Debug */,
				B41F2ADE2EC5F61B00F1D118 /* Release */,
			);
			defaultConfigurationIsVisible = 0;
			defaultConfigurationName = Release;
		};
		B41F2ADF2EC5F61B00F1D118 /* Build configuration list for PBXNativeTarget "LearningSwiftUI" */ = {
			isa = XCConfigurationList;
			buildConfigurations = (
				B41F2AE02EC5F61B00F1D118 /* Debug */,
				B41F2AE12EC5F61B00F1D118 /* Release */,
			);
			defaultConfigurationIsVisible = 0;
			defaultConfigurationName = Release;
		};
/* End XCConfigurationList section */
	};
	rootObject = B41F2ACC2EC5F61A00F1D118 /* Project object */;
}
